%{
  "earmark": {:hex, :earmark, "1.2.5", "4d21980d5d2862a2e13ec3c49ad9ad783ffc7ca5769cf6ff891a4553fbaae761", [:mix], [], "hexpm"},
  "ex_doc": {:hex, :ex_doc, "0.18.3", "f4b0e4a2ec6f333dccf761838a4b253d75e11f714b85ae271c9ae361367897b7", [:mix], [{:earmark, "~> 1.1", [hex: :earmark, repo: "hexpm", optional: false]}], "hexpm"},
  "harnais": {:hex, :harnais, "1.0.0", "984ddefaba87bdeafad84c8e3bce806f1100fc004f50007b36fdd8b940047be8", [:mix], [], "hexpm"},
  "harnais_helper": {:hex, :harnais_helper, "0.1.0", "9c4c22f45ea70a58297b88ebc93901ff45075f59747cebfce69707d006952624", [:mix], [{:harnais, "~> 1.0.0", [hex: :harnais, repo: "hexpm", optional: false]}], "hexpm"},
  "plymio_fontais": {:hex, :plymio_fontais, "0.2.0", "fb82a3913a811d2da2364f293e55279a42737450729880c2ad5c3cd3b1bbd14b", [:mix], [], "hexpm"},
  "plymio_funcio": {:hex, :plymio_funcio, "0.2.0", "6d7155d9dbba82cd6a469285c3a89c4ce1f2ef72dce2a2ce2222e691a42abf13", [:mix], [{:plymio_fontais, "~> 0.2.0", [hex: :plymio_fontais, repo: "hexpm", optional: false]}], "hexpm"},
}
